// !$*UTF8*$!
{
	archiveVersion = 1;
	classes = {
	};
	objectVersion = 56;
	objects = {

/* Begin PBXBuildFile section */
		36511C6128E1D27B008A7C7F /* OnboardingApp.swift in Sources */ = {isa = PBXBuildFile; fileRef = 36511C6028E1D27B008A7C7F /* OnboardingApp.swift */; };
		36511C6328E1D27B008A7C7F /* OnboardingFlowView.swift in Sources */ = {isa = PBXBuildFile; fileRef = 36511C6228E1D27B008A7C7F /* OnboardingFlowView.swift */; };
		36511C6528E1D27C008A7C7F /* Assets.xcassets in Resources */ = {isa = PBXBuildFile; fileRef = 36511C6428E1D27C008A7C7F /* Assets.xcassets */; };
		36511C6828E1D27C008A7C7F /* Preview Assets.xcassets in Resources */ = {isa = PBXBuildFile; fileRef = 36511C6728E1D27C008A7C7F /* Preview Assets.xcassets */; };
		36511C7228E1D27C008A7C7F /* OnboardingTests.swift in Sources */ = {isa = PBXBuildFile; fileRef = 36511C7128E1D27C008A7C7F /* OnboardingTests.swift */; };
		36511C7C28E1D27C008A7C7F /* OnboardingUITests.swift in Sources */ = {isa = PBXBuildFile; fileRef = 36511C7B28E1D27C008A7C7F /* OnboardingUITests.swift */; };
		36511C7E28E1D27C008A7C7F /* OnboardingUITestsLaunchTests.swift in Sources */ = {isa = PBXBuildFile; fileRef = 36511C7D28E1D27C008A7C7F /* OnboardingUITestsLaunchTests.swift */; };
		36511C8B28E1F8BC008A7C7F /* MainFlowView.swift in Sources */ = {isa = PBXBuildFile; fileRef = 36511C8A28E1F8BC008A7C7F /* MainFlowView.swift */; };
/* End PBXBuildFile section */

/* Begin PBXContainerItemProxy section */
		36511C6E28E1D27C008A7C7F /* PBXContainerItemProxy */ = {
			isa = PBXContainerItemProxy;
			containerPortal = 36511C5528E1D27B008A7C7F /* Project object */;
			proxyType = 1;
			remoteGlobalIDString = 36511C5C28E1D27B008A7C7F;
			remoteInfo = Onboarding;
		};
		36511C7828E1D27C008A7C7F /* PBXContainerItemProxy */ = {
			isa = PBXContainerItemProxy;
			containerPortal = 36511C5528E1D27B008A7C7F /* Project object */;
			proxyType = 1;
			remoteGlobalIDString = 36511C5C28E1D27B008A7C7F;
			remoteInfo = Onboarding;
		};
/* End PBXContainerItemProxy section */

/* Begin PBXFileReference section */
		36511C5D28E1D27B008A7C7F /* Onboarding.app */ = {isa = PBXFileReference; explicitFileType = wrapper.application; includeInIndex = 0; path = Onboarding.app; sourceTree = BUILT_PRODUCTS_DIR; };
		36511C6028E1D27B008A7C7F /* OnboardingApp.swift */ = {isa = PBXFileReference; lastKnownFileType = sourcecode.swift; path = OnboardingApp.swift; sourceTree = "<group>"; };
		36511C6228E1D27B008A7C7F /* OnboardingFlowView.swift */ = {isa = PBXFileReference; lastKnownFileType = sourcecode.swift; path = OnboardingFlowView.swift; sourceTree = "<group>"; };
		36511C6428E1D27C008A7C7F /* Assets.xcassets */ = {isa = PBXFileReference; lastKnownFileType = folder.assetcatalog; path = Assets.xcassets; sourceTree = "<group>"; };
		36511C6728E1D27C008A7C7F /* Preview Assets.xcassets */ = {isa = PBXFileReference; lastKnownFileType = folder.assetcatalog; path = "Preview Assets.xcassets"; sourceTree = "<group>"; };
		36511C6D28E1D27C008A7C7F /* OnboardingTests.xctest */ = {isa = PBXFileReference; explicitFileType = wrapper.cfbundle; includeInIndex = 0; path = OnboardingTests.xctest; sourceTree = BUILT_PRODUCTS_DIR; };
		36511C7128E1D27C008A7C7F /* OnboardingTests.swift */ = {isa = PBXFileReference; lastKnownFileType = sourcecode.swift; path = OnboardingTests.swift; sourceTree = "<group>"; };
		36511C7728E1D27C008A7C7F /* OnboardingUITests.xctest */ = {isa = PBXFileReference; explicitFileType = wrapper.cfbundle; includeInIndex = 0; path = OnboardingUITests.xctest; sourceTree = BUILT_PRODUCTS_DIR; };
		36511C7B28E1D27C008A7C7F /* OnboardingUITests.swift */ = {isa = PBXFileReference; lastKnownFileType = sourcecode.swift; path = OnboardingUITests.swift; sourceTree = "<group>"; };
		36511C7D28E1D27C008A7C7F /* OnboardingUITestsLaunchTests.swift */ = {isa = PBXFileReference; lastKnownFileType = sourcecode.swift; path = OnboardingUITestsLaunchTests.swift; sourceTree = "<group>"; };
		36511C8A28E1F8BC008A7C7F /* MainFlowView.swift */ = {isa = PBXFileReference; lastKnownFileType = sourcecode.swift; path = MainFlowView.swift; sourceTree = "<group>"; };
/* End PBXFileReference section */

/* Begin PBXFrameworksBuildPhase section */
		36511C5A28E1D27B008A7C7F /* Frameworks */ = {
			isa = PBXFrameworksBuildPhase;
			buildActionMask = 2147483647;
			files = (
			);
			runOnlyForDeploymentPostprocessing = 0;
		};
		36511C6A28E1D27C008A7C7F /* Frameworks */ = {
			isa = PBXFrameworksBuildPhase;
			buildActionMask = 2147483647;
			files = (
			);
			runOnlyForDeploymentPostprocessing = 0;
		};
		36511C7428E1D27C008A7C7F /* Frameworks */ = {
			isa = PBXFrameworksBuildPhase;
			buildActionMask = 2147483647;
			files = (
			);
			runOnlyForDeploymentPostprocessing = 0;
		};
/* End PBXFrameworksBuildPhase section */

/* Begin PBXGroup section */
		36511C5428E1D27B008A7C7F = {
			isa = PBXGroup;
			children = (
				36511C5F28E1D27B008A7C7F /* Onboarding */,
				36511C7028E1D27C008A7C7F /* OnboardingTests */,
				36511C7A28E1D27C008A7C7F /* OnboardingUITests */,
				36511C5E28E1D27B008A7C7F /* Products */,
			);
			sourceTree = "<group>";
		};
		36511C5E28E1D27B008A7C7F /* Products */ = {
			isa = PBXGroup;
			children = (
				36511C5D28E1D27B008A7C7F /* Onboarding.app */,
				36511C6D28E1D27C008A7C7F /* OnboardingTests.xctest */,
				36511C7728E1D27C008A7C7F /* OnboardingUITests.xctest */,
			);
			name = Products;
			sourceTree = "<group>";
		};
		36511C5F28E1D27B008A7C7F /* Onboarding */ = {
			isa = PBXGroup;
			children = (
				36511C6028E1D27B008A7C7F /* OnboardingApp.swift */,
				36511C6228E1D27B008A7C7F /* OnboardingFlowView.swift */,
				36511C8A28E1F8BC008A7C7F /* MainFlowView.swift */,
				36511C6428E1D27C008A7C7F /* Assets.xcassets */,
				36511C6628E1D27C008A7C7F /* Preview Content */,
			);
			path = Onboarding;
			sourceTree = "<group>";
		};
		36511C6628E1D27C008A7C7F /* Preview Content */ = {
			isa = PBXGroup;
			children = (
				36511C6728E1D27C008A7C7F /* Preview Assets.xcassets */,
			);
			path = "Preview Content";
			sourceTree = "<group>";
		};
		36511C7028E1D27C008A7C7F /* OnboardingTests */ = {
			isa = PBXGroup;
			children = (
				36511C7128E1D27C008A7C7F /* OnboardingTests.swift */,
			);
			path = OnboardingTests;
			sourceTree = "<group>";
		};
		36511C7A28E1D27C008A7C7F /* OnboardingUITests */ = {
			isa = PBXGroup;
			children = (
				36511C7B28E1D27C008A7C7F /* OnboardingUITests.swift */,
				36511C7D28E1D27C008A7C7F /* OnboardingUITestsLaunchTests.swift */,
			);
			path = OnboardingUITests;
			sourceTree = "<group>";
		};
/* End PBXGroup section */

/* Begin PBXNativeTarget section */
		36511C5C28E1D27B008A7C7F /* Onboarding */ = {
			isa = PBXNativeTarget;
			buildConfigurationList = 36511C8128E1D27C008A7C7F /* Build configuration list for PBXNativeTarget "Onboarding" */;
			buildPhases = (
				36511C5928E1D27B008A7C7F /* Sources */,
				36511C5A28E1D27B008A7C7F /* Frameworks */,
				36511C5B28E1D27B008A7C7F /* Resources */,
			);
			buildRules = (
			);
			dependencies = (
			);
			name = Onboarding;
			productName = Onboarding;
			productReference = 36511C5D28E1D27B008A7C7F /* Onboarding.app */;
			productType = "com.apple.product-type.application";
		};
		36511C6C28E1D27C008A7C7F /* OnboardingTests */ = {
			isa = PBXNativeTarget;
			buildConfigurationList = 36511C8428E1D27C008A7C7F /* Build configuration list for PBXNativeTarget "OnboardingTests" */;
			buildPhases = (
				36511C6928E1D27C008A7C7F /* Sources */,
				36511C6A28E1D27C008A7C7F /* Frameworks */,
				36511C6B28E1D27C008A7C7F /* Resources */,
			);
			buildRules = (
			);
			dependencies = (
				36511C6F28E1D27C008A7C7F /* PBXTargetDependency */,
			);
			name = OnboardingTests;
			productName = OnboardingTests;
			productReference = 36511C6D28E1D27C008A7C7F /* OnboardingTests.xctest */;
			productType = "com.apple.product-type.bundle.unit-test";
		};
		36511C7628E1D27C008A7C7F /* OnboardingUITests */ = {
			isa = PBXNativeTarget;
			buildConfigurationList = 36511C8728E1D27C008A7C7F /* Build configuration list for PBXNativeTarget "OnboardingUITests" */;
			buildPhases = (
				36511C7328E1D27C008A7C7F /* Sources */,
				36511C7428E1D27C008A7C7F /* Frameworks */,
				36511C7528E1D27C008A7C7F /* Resources */,
			);
			buildRules = (
			);
			dependencies = (
				36511C7928E1D27C008A7C7F /* PBXTargetDependency */,
			);
			name = OnboardingUITests;
			productName = OnboardingUITests;
			productReference = 36511C7728E1D27C008A7C7F /* OnboardingUITests.xctest */;
			productType = "com.apple.product-type.bundle.ui-testing";
		};
/* End PBXNativeTarget section */

/* Begin PBXProject section */
		36511C5528E1D27B008A7C7F /* Project object */ = {
			isa = PBXProject;
			attributes = {
				BuildIndependentTargetsInParallel = 1;
				LastSwiftUpdateCheck = 1400;
				LastUpgradeCheck = 1400;
				TargetAttributes = {
					36511C5C28E1D27B008A7C7F = {
						CreatedOnToolsVersion = 14.0;
					};
					36511C6C28E1D27C008A7C7F = {
						CreatedOnToolsVersion = 14.0;
						TestTargetID = 36511C5C28E1D27B008A7C7F;
					};
					36511C7628E1D27C008A7C7F = {
						CreatedOnToolsVersion = 14.0;
						TestTargetID = 36511C5C28E1D27B008A7C7F;
					};
				};
			};
			buildConfigurationList = 36511C5828E1D27B008A7C7F /* Build configuration list for PBXProject "Onboarding" */;
			compatibilityVersion = "Xcode 14.0";
			developmentRegion = en;
			hasScannedForEncodings = 0;
			knownRegions = (
				en,
				Base,
			);
			mainGroup = 36511C5428E1D27B008A7C7F;
			productRefGroup = 36511C5E28E1D27B008A7C7F /* Products */;
			projectDirPath = "";
			projectRoot = "";
			targets = (
				36511C5C28E1D27B008A7C7F /* Onboarding */,
				36511C6C28E1D27C008A7C7F /* OnboardingTests */,
				36511C7628E1D27C008A7C7F /* OnboardingUITests */,
			);
		};
/* End PBXProject section */

/* Begin PBXResourcesBuildPhase section */
		36511C5B28E1D27B008A7C7F /* Resources */ = {
			isa = PBXResourcesBuildPhase;
			buildActionMask = 2147483647;
			files = (
				36511C6828E1D27C008A7C7F /* Preview Assets.xcassets in Resources */,
				36511C6528E1D27C008A7C7F /* Assets.xcassets in Resources */,
			);
			runOnlyForDeploymentPostprocessing = 0;
		};
		36511C6B28E1D27C008A7C7F /* Resources */ = {
			isa = PBXResourcesBuildPhase;
			buildActionMask = 2147483647;
			files = (
			);
			runOnlyForDeploymentPostprocessing = 0;
		};
		36511C7528E1D27C008A7C7F /* Resources */ = {
			isa = PBXResourcesBuildPhase;
			buildActionMask = 2147483647;
			files = (
			);
			runOnlyForDeploymentPostprocessing = 0;
		};
/* End PBXResourcesBuildPhase section */

/* Begin PBXSourcesBuildPhase section */
		36511C5928E1D27B008A7C7F /* Sources */ = {
			isa = PBXSourcesBuildPhase;
			buildActionMask = 2147483647;
			files = (
				36511C6328E1D27B008A7C7F /* OnboardingFlowView.swift in Sources */,
				36511C8B28E1F8BC008A7C7F /* MainFlowView.swift in Sources */,
				36511C6128E1D27B008A7C7F /* OnboardingApp.swift in Sources */,
			);
			runOnlyForDeploymentPostprocessing = 0;
		};
		36511C6928E1D27C008A7C7F /* Sources */ = {
			isa = PBXSourcesBuildPhase;
			buildActionMask = 2147483647;
			files = (
				36511C7228E1D27C008A7C7F /* OnboardingTests.swift in Sources */,
			);
			runOnlyForDeploymentPostprocessing = 0;
		};
		36511C7328E1D27C008A7C7F /* Sources */ = {
			isa = PBXSourcesBuildPhase;
			buildActionMask = 2147483647;
			files = (
				36511C7C28E1D27C008A7C7F /* OnboardingUITests.swift in Sources */,
				36511C7E28E1D27C008A7C7F /* OnboardingUITestsLaunchTests.swift in Sources */,
			);
			runOnlyForDeploymentPostprocessing = 0;
		};
/* End PBXSourcesBuildPhase section */

/* Begin PBXTargetDependency section */
		36511C6F28E1D27C008A7C7F /* PBXTargetDependency */ = {
			isa = PBXTargetDependency;
			target = 36511C5C28E1D27B008A7C7F /* Onboarding */;
			targetProxy = 36511C6E28E1D27C008A7C7F /* PBXContainerItemProxy */;
		};
		36511C7928E1D27C008A7C7F /* PBXTargetDependency */ = {
			isa = PBXTargetDependency;
			target = 36511C5C28E1D27B008A7C7F /* Onboarding */;
			targetProxy = 36511C7828E1D27C008A7C7F /* PBXContainerItemProxy */;
		};
/* End PBXTargetDependency section */

/* Begin XCBuildConfiguration section */
		36511C7F28E1D27C008A7C7F /* Debug */ = {
			isa = XCBuildConfiguration;
			buildSettings = {
				ALWAYS_SEARCH_USER_PATHS = NO;
				CLANG_ANALYZER_NONNULL = YES;
				CLANG_ANALYZER_NUMBER_OBJECT_CONVERSION = YES_AGGRESSIVE;
				CLANG_CXX_LANGUAGE_STANDARD = "gnu++20";
				CLANG_ENABLE_MODULES = YES;
				CLANG_ENABLE_OBJC_ARC = YES;
				CLANG_ENABLE_OBJC_WEAK = YES;
				CLANG_WARN_BLOCK_CAPTURE_AUTORELEASING = YES;
				CLANG_WARN_BOOL_CONVERSION = YES;
				CLANG_WARN_COMMA = YES;
				CLANG_WARN_CONSTANT_CONVERSION = YES;
				CLANG_WARN_DEPRECATED_OBJC_IMPLEMENTATIONS = YES;
				CLANG_WARN_DIRECT_OBJC_ISA_USAGE = YES_ERROR;
				CLANG_WARN_DOCUMENTATION_COMMENTS = YES;
				CLANG_WARN_EMPTY_BODY = YES;
				CLANG_WARN_ENUM_CONVERSION = YES;
				CLANG_WARN_INFINITE_RECURSION = YES;
				CLANG_WARN_INT_CONVERSION = YES;
				CLANG_WARN_NON_LITERAL_NULL_CONVERSION = YES;
				CLANG_WARN_OBJC_IMPLICIT_RETAIN_SELF = YES;
				CLANG_WARN_OBJC_LITERAL_CONVERSION = YES;
				CLANG_WARN_OBJC_ROOT_CLASS = YES_ERROR;
				CLANG_WARN_QUOTED_INCLUDE_IN_FRAMEWORK_HEADER = YES;
				CLANG_WARN_RANGE_LOOP_ANALYSIS = YES;
				CLANG_WARN_STRICT_PROTOTYPES = YES;
				CLANG_WARN_SUSPICIOUS_MOVE = YES;
				CLANG_WARN_UNGUARDED_AVAILABILITY = YES_AGGRESSIVE;
				CLANG_WARN_UNREACHABLE_CODE = YES;
				CLANG_WARN__DUPLICATE_METHOD_MATCH = YES;
				COPY_PHASE_STRIP = NO;
				DEBUG_INFORMATION_FORMAT = dwarf;
				ENABLE_STRICT_OBJC_MSGSEND = YES;
				ENABLE_TESTABILITY = YES;
				GCC_C_LANGUAGE_STANDARD = gnu11;
				GCC_DYNAMIC_NO_PIC = NO;
				GCC_NO_COMMON_BLOCKS = YES;
				GCC_OPTIMIZATION_LEVEL = 0;
				GCC_PREPROCESSOR_DEFINITIONS = (
					"DEBUG=1",
					"$(inherited)",
				);
				GCC_WARN_64_TO_32_BIT_CONVERSION = YES;
				GCC_WARN_ABOUT_RETURN_TYPE = YES_ERROR;
				GCC_WARN_UNDECLARED_SELECTOR = YES;
				GCC_WARN_UNINITIALIZED_AUTOS = YES_AGGRESSIVE;
				GCC_WARN_UNUSED_FUNCTION = YES;
				GCC_WARN_UNUSED_VARIABLE = YES;
				IPHONEOS_DEPLOYMENT_TARGET = 16.0;
				MTL_ENABLE_DEBUG_INFO = INCLUDE_SOURCE;
				MTL_FAST_MATH = YES;
				ONLY_ACTIVE_ARCH = YES;
				SDKROOT = iphoneos;
				SWIFT_ACTIVE_COMPILATION_CONDITIONS = DEBUG;
				SWIFT_OPTIMIZATION_LEVEL = "-Onone";
			};
			name = Debug;
		};
		36511C8028E1D27C008A7C7F /* Release */ = {
			isa = XCBuildConfiguration;
			buildSettings = {
				ALWAYS_SEARCH_USER_PATHS = NO;
				CLANG_ANALYZER_NONNULL = YES;
				CLANG_ANALYZER_NUMBER_OBJECT_CONVERSION = YES_AGGRESSIVE;
				CLANG_CXX_LANGUAGE_STANDARD = "gnu++20";
				CLANG_ENABLE_MODULES = YES;
				CLANG_ENABLE_OBJC_ARC = YES;
				CLANG_ENABLE_OBJC_WEAK = YES;
				CLANG_WARN_BLOCK_CAPTURE_AUTORELEASING = YES;
				CLANG_WARN_BOOL_CONVERSION = YES;
				CLANG_WARN_COMMA = YES;
				CLANG_WARN_CONSTANT_CONVERSION = YES;
				CLANG_WARN_DEPRECATED_OBJC_IMPLEMENTATIONS = YES;
				CLANG_WARN_DIRECT_OBJC_ISA_USAGE = YES_ERROR;
				CLANG_WARN_DOCUMENTATION_COMMENTS = YES;
				CLANG_WARN_EMPTY_BODY = YES;
				CLANG_WARN_ENUM_CONVERSION = YES;
				CLANG_WARN_INFINITE_RECURSION = YES;
				CLANG_WARN_INT_CONVERSION = YES;
				CLANG_WARN_NON_LITERAL_NULL_CONVERSION = YES;
				CLANG_WARN_OBJC_IMPLICIT_RETAIN_SELF = YES;
				CLANG_WARN_OBJC_LITERAL_CONVERSION = YES;
				CLANG_WARN_OBJC_ROOT_CLASS = YES_ERROR;
				CLANG_WARN_QUOTED_INCLUDE_IN_FRAMEWORK_HEADER = YES;
				CLANG_WARN_RANGE_LOOP_ANALYSIS = YES;
				CLANG_WARN_STRICT_PROTOTYPES = YES;
				CLANG_WARN_SUSPICIOUS_MOVE = YES;
				CLANG_WARN_UNGUARDED_AVAILABILITY = YES_AGGRESSIVE;
				CLANG_WARN_UNREACHABLE_CODE = YES;
				CLANG_WARN__DUPLICATE_METHOD_MATCH = YES;
				COPY_PHASE_STRIP = NO;
				DEBUG_INFORMATION_FORMAT = "dwarf-with-dsym";
				ENABLE_NS_ASSERTIONS = NO;
				ENABLE_STRICT_OBJC_MSGSEND = YES;
				GCC_C_LANGUAGE_STANDARD = gnu11;
				GCC_NO_COMMON_BLOCKS = YES;
				GCC_WARN_64_TO_32_BIT_CONVERSION = YES;
				GCC_WARN_ABOUT_RETURN_TYPE = YES_ERROR;
				GCC_WARN_UNDECLARED_SELECTOR = YES;
				GCC_WARN_UNINITIALIZED_AUTOS = YES_AGGRESSIVE;
				GCC_WARN_UNUSED_FUNCTION = YES;
				GCC_WARN_UNUSED_VARIABLE = YES;
				IPHONEOS_DEPLOYMENT_TARGET = 16.0;
				MTL_ENABLE_DEBUG_INFO = NO;
				MTL_FAST_MATH = YES;
				SDKROOT = iphoneos;
				SWIFT_COMPILATION_MODE = wholemodule;
				SWIFT_OPTIMIZATION_LEVEL = "-O";
				VALIDATE_PRODUCT = YES;
			};
			name = Release;
		};
		36511C8228E1D27C008A7C7F /* Debug */ = {
			isa = XCBuildConfiguration;
			buildSettings = {
				ASSETCATALOG_COMPILER_APPICON_NAME = AppIcon;
				ASSETCATALOG_COMPILER_GLOBAL_ACCENT_COLOR_NAME = AccentColor;
				CODE_SIGN_STYLE = Automatic;
				CURRENT_PROJECT_VERSION = 1;
				DEVELOPMENT_ASSET_PATHS = "\"Onboarding/Preview Content\"";
				DEVELOPMENT_TEAM = XS46B9AQBD;
				ENABLE_PREVIEWS = YES;
				GENERATE_INFOPLIST_FILE = YES;
				INFOPLIST_KEY_UIApplicationSceneManifest_Generation = YES;
				INFOPLIST_KEY_UIApplicationSupportsIndirectInputEvents = YES;
				INFOPLIST_KEY_UILaunchScreen_Generation = YES;
				INFOPLIST_KEY_UISupportedInterfaceOrientations_iPad = "UIInterfaceOrientationPortrait UIInterfaceOrientationPortraitUpsideDown UIInterfaceOrientationLandscapeLeft UIInterfaceOrientationLandscapeRight";
				INFOPLIST_KEY_UISupportedInterfaceOrientations_iPhone = "UIInterfaceOrientationPortrait UIInterfaceOrientationLandscapeLeft UIInterfaceOrientationLandscapeRight";
				LD_RUNPATH_SEARCH_PATHS = (
					"$(inherited)",
					"@executable_path/Frameworks",
				);
				MARKETING_VERSION = 1.0;
				PRODUCT_BUNDLE_IDENTIFIER = com.beneficial.Onboarding;
				PRODUCT_NAME = "$(TARGET_NAME)";
				SWIFT_EMIT_LOC_STRINGS = YES;
				SWIFT_VERSION = 5.0;
				TARGETED_DEVICE_FAMILY = "1,2";
			};
			name = Debug;
		};
		36511C8328E1D27C008A7C7F /* Release */ = {
			isa = XCBuildConfiguration;
			buildSettings = {
				ASSETCATALOG_COMPILER_APPICON_NAME = AppIcon;
				ASSETCATALOG_COMPILER_GLOBAL_ACCENT_COLOR_NAME = AccentColor;
				CODE_SIGN_STYLE = Automatic;
				CURRENT_PROJECT_VERSION = 1;
				DEVELOPMENT_ASSET_PATHS = "\"Onboarding/Preview Content\"";
				DEVELOPMENT_TEAM = XS46B9AQBD;
				ENABLE_PREVIEWS = YES;
				GENERATE_INFOPLIST_FILE = YES;
				INFOPLIST_KEY_UIApplicationSceneManifest_Generation = YES;
				INFOPLIST_KEY_UIApplicationSupportsIndirectInputEvents = YES;
				INFOPLIST_KEY_UILaunchScreen_Generation = YES;
				INFOPLIST_KEY_UISupportedInterfaceOrientations_iPad = "UIInterfaceOrientationPortrait UIInterfaceOrientationPortraitUpsideDown UIInterfaceOrientationLandscapeLeft UIInterfaceOrientationLandscapeRight";
				INFOPLIST_KEY_UISupportedInterfaceOrientations_iPhone = "UIInterfaceOrientationPortrait UIInterfaceOrientationLandscapeLeft UIInterfaceOrientationLandscapeRight";
				LD_RUNPATH_SEARCH_PATHS = (
					"$(inherited)",
					"@executable_path/Frameworks",
				);
				MARKETING_VERSION = 1.0;
				PRODUCT_BUNDLE_IDENTIFIER = com.beneficial.Onboarding;
				PRODUCT_NAME = "$(TARGET_NAME)";
				SWIFT_EMIT_LOC_STRINGS = YES;
				SWIFT_VERSION = 5.0;
				TARGETED_DEVICE_FAMILY = "1,2";
			};
			name = Release;
		};
		36511C8528E1D27C008A7C7F /* Debug */ = {
			isa = XCBuildConfiguration;
			buildSettings = {
				ALWAYS_EMBED_SWIFT_STANDARD_LIBRARIES = YES;
				BUNDLE_LOADER = "$(TEST_HOST)";
				CODE_SIGN_STYLE = Automatic;
				CURRENT_PROJECT_VERSION = 1;
				DEVELOPMENT_TEAM = XS46B9AQBD;
				GENERATE_INFOPLIST_FILE = YES;
				IPHONEOS_DEPLOYMENT_TARGET = 16.0;
				MARKETING_VERSION = 1.0;
				PRODUCT_BUNDLE_IDENTIFIER = com.beneficial.OnboardingTests;
				PRODUCT_NAME = "$(TARGET_NAME)";
				SWIFT_EMIT_LOC_STRINGS = NO;
				SWIFT_VERSION = 5.0;
				TARGETED_DEVICE_FAMILY = "1,2";
				TEST_HOST = "$(BUILT_PRODUCTS_DIR)/Onboarding.app/$(BUNDLE_EXECUTABLE_FOLDER_PATH)/Onboarding";
			};
			name = Debug;
		};
		36511C8628E1D27C008A7C7F /* Release */ = {
			isa = XCBuildConfiguration;
			buildSettings = {
				ALWAYS_EMBED_SWIFT_STANDARD_LIBRARIES = YES;
				BUNDLE_LOADER = "$(TEST_HOST)";
				CODE_SIGN_STYLE = Automatic;
				CURRENT_PROJECT_VERSION = 1;
				DEVELOPMENT_TEAM = XS46B9AQBD;
				GENERATE_INFOPLIST_FILE = YES;
				IPHONEOS_DEPLOYMENT_TARGET = 16.0;
				MARKETING_VERSION = 1.0;
				PRODUCT_BUNDLE_IDENTIFIER = com.beneficial.OnboardingTests;
				PRODUCT_NAME = "$(TARGET_NAME)";
				SWIFT_EMIT_LOC_STRINGS = NO;
				SWIFT_VERSION = 5.0;
				TARGETED_DEVICE_FAMILY = "1,2";
				TEST_HOST = "$(BUILT_PRODUCTS_DIR)/Onboarding.app/$(BUNDLE_EXECUTABLE_FOLDER_PATH)/Onboarding";
			};
			name = Release;
		};
		36511C8828E1D27C008A7C7F /* Debug */ = {
			isa = XCBuildConfiguration;
			buildSettings = {
				ALWAYS_EMBED_SWIFT_STANDARD_LIBRARIES = YES;
				CODE_SIGN_STYLE = Automatic;
				CURRENT_PROJECT_VERSION = 1;
				DEVELOPMENT_TEAM = XS46B9AQBD;
				GENERATE_INFOPLIST_FILE = YES;
				MARKETING_VERSION = 1.0;
				PRODUCT_BUNDLE_IDENTIFIER = com.beneficial.OnboardingUITests;
				PRODUCT_NAME = "$(TARGET_NAME)";
				SWIFT_EMIT_LOC_STRINGS = NO;
				SWIFT_VERSION = 5.0;
				TARGETED_DEVICE_FAMILY = "1,2";
				TEST_TARGET_NAME = Onboarding;
			};
			name = Debug;
		};
		36511C8928E1D27C008A7C7F /* Release */ = {
			isa = XCBuildConfiguration;
			buildSettings = {
				ALWAYS_EMBED_SWIFT_STANDARD_LIBRARIES = YES;
				CODE_SIGN_STYLE = Automatic;
				CURRENT_PROJECT_VERSION = 1;
				DEVELOPMENT_TEAM = XS46B9AQBD;
				GENERATE_INFOPLIST_FILE = YES;
				MARKETING_VERSION = 1.0;
				PRODUCT_BUNDLE_IDENTIFIER = com.beneficial.OnboardingUITests;
				PRODUCT_NAME = "$(TARGET_NAME)";
				SWIFT_EMIT_LOC_STRINGS = NO;
				SWIFT_VERSION = 5.0;
				TARGETED_DEVICE_FAMILY = "1,2";
				TEST_TARGET_NAME = Onboarding;
			};
			name = Release;
		};
/* End XCBuildConfiguration section */

/* Begin XCConfigurationList section */
		36511C5828E1D27B008A7C7F /* Build configuration list for PBXProject "Onboarding" */ = {
			isa = XCConfigurationList;
			buildConfigurations = (
				36511C7F28E1D27C008A7C7F /* Debug */,
				36511C8028E1D27C008A7C7F /* Release */,
			);
			defaultConfigurationIsVisible = 0;
			defaultConfigurationName = Release;
		};
		36511C8128E1D27C008A7C7F /* Build configuration list for PBXNativeTarget "Onboarding" */ = {
			isa = XCConfigurationList;
			buildConfigurations = (
				36511C8228E1D27C008A7C7F /* Debug */,
				36511C8328E1D27C008A7C7F /* Release */,
			);
			defaultConfigurationIsVisible = 0;
			defaultConfigurationName = Release;
		};
		36511C8428E1D27C008A7C7F /* Build configuration list for PBXNativeTarget "OnboardingTests" */ = {
			isa = XCConfigurationList;
			buildConfigurations = (
				36511C8528E1D27C008A7C7F /* Debug */,
				36511C8628E1D27C008A7C7F /* Release */,
			);
			defaultConfigurationIsVisible = 0;
			defaultConfigurationName = Release;
		};
		36511C8728E1D27C008A7C7F /* Build configuration list for PBXNativeTarget "OnboardingUITests" */ = {
			isa = XCConfigurationList;
			buildConfigurations = (
				36511C8828E1D27C008A7C7F /* Debug */,
				36511C8928E1D27C008A7C7F /* Release */,
			);
			defaultConfigurationIsVisible = 0;
			defaultConfigurationName = Release;
		};
/* End XCConfigurationList section */
	};
	rootObject = 36511C5528E1D27B008A7C7F /* Project object */;
}
